// !$*UTF8*$!
{
	archiveVersion = 1;
	classes = {
	};
	objectVersion = 46;
	objects = {

/* Begin PBXBuildFile section */
		B0E4A9D919398125007B4CFB /* Foundation.framework in Frameworks */ = {isa = PBXBuildFile; fileRef = B0E4A9D819398125007B4CFB /* Foundation.framework */; };
		B0E4A9DB19398125007B4CFB /* CoreGraphics.framework in Frameworks */ = {isa = PBXBuildFile; fileRef = B0E4A9DA19398125007B4CFB /* CoreGraphics.framework */; };
		B0E4A9DD19398125007B4CFB /* UIKit.framework in Frameworks */ = {isa = PBXBuildFile; fileRef = B0E4A9DC19398125007B4CFB /* UIKit.framework */; };
		B0E4A9E319398125007B4CFB /* InfoPlist.strings in Resources */ = {isa = PBXBuildFile; fileRef = B0E4A9E119398125007B4CFB /* InfoPlist.strings */; };
		B0E4A9E519398125007B4CFB /* main.m in Sources */ = {isa = PBXBuildFile; fileRef = B0E4A9E419398125007B4CFB /* main.m */; };
		B0E4A9E919398125007B4CFB /* VBAppDelegate.m in Sources */ = {isa = PBXBuildFile; fileRef = B0E4A9E819398125007B4CFB /* VBAppDelegate.m */; };
		B0E4A9EC19398125007B4CFB /* Main.storyboard in Resources */ = {isa = PBXBuildFile; fileRef = B0E4A9EA19398125007B4CFB /* Main.storyboard */; };
		B0E4A9F119398125007B4CFB /* Images.xcassets in Resources */ = {isa = PBXBuildFile; fileRef = B0E4A9F019398125007B4CFB /* Images.xcassets */; };
		B0E4A9F819398125007B4CFB /* XCTest.framework in Frameworks */ = {isa = PBXBuildFile; fileRef = B0E4A9F719398125007B4CFB /* XCTest.framework */; };
		B0E4A9F919398125007B4CFB /* Foundation.framework in Frameworks */ = {isa = PBXBuildFile; fileRef = B0E4A9D819398125007B4CFB /* Foundation.framework */; };
		B0E4A9FA19398125007B4CFB /* UIKit.framework in Frameworks */ = {isa = PBXBuildFile; fileRef = B0E4A9DC19398125007B4CFB /* UIKit.framework */; };
		B0E4AA0219398126007B4CFB /* InfoPlist.strings in Resources */ = {isa = PBXBuildFile; fileRef = B0E4AA0019398126007B4CFB /* InfoPlist.strings */; };
		B0E4AA0419398126007B4CFB /* psychic_octo_bearTests.m in Sources */ = {isa = PBXBuildFile; fileRef = B0E4AA0319398126007B4CFB /* psychic_octo_bearTests.m */; };
		B0E4AA13193981C9007B4CFB /* VBTableViewController.m in Sources */ = {isa = PBXBuildFile; fileRef = B0E4AA12193981C9007B4CFB /* VBTableViewController.m */; };
		B0E4AA1519398DC7007B4CFB /* sisters.plist in Resources */ = {isa = PBXBuildFile; fileRef = B0E4AA1419398DC7007B4CFB /* sisters.plist */; };
/* End PBXBuildFile section */

/* Begin PBXContainerItemProxy section */
		B0E4A9FB19398125007B4CFB /* PBXContainerItemProxy */ = {
			isa = PBXContainerItemProxy;
			containerPortal = B0E4A9CD19398125007B4CFB /* Project object */;
			proxyType = 1;
			remoteGlobalIDString = B0E4A9D419398125007B4CFB;
			remoteInfo = "psychic-octo-bear";
		};
/* End PBXContainerItemProxy section */

/* Begin PBXFileReference section */
		B0E4A9D519398125007B4CFB /* psychic-octo-bear.app */ = {isa = PBXFileReference; explicitFileType = wrapper.application; includeInIndex = 0; path = "psychic-octo-bear.app"; sourceTree = BUILT_PRODUCTS_DIR; };
		B0E4A9D819398125007B4CFB /* Foundation.framework */ = {isa = PBXFileReference; lastKnownFileType = wrapper.framework; name = Foundation.framework; path = System/Library/Frameworks/Foundation.framework; sourceTree = SDKROOT; };
		B0E4A9DA19398125007B4CFB /* CoreGraphics.framework */ = {isa = PBXFileReference; lastKnownFileType = wrapper.framework; name = CoreGraphics.framework; path = System/Library/Frameworks/CoreGraphics.framework; sourceTree = SDKROOT; };
		B0E4A9DC19398125007B4CFB /* UIKit.framework */ = {isa = PBXFileReference; lastKnownFileType = wrapper.framework; name = UIKit.framework; path = System/Library/Frameworks/UIKit.framework; sourceTree = SDKROOT; };
		B0E4A9E019398125007B4CFB /* psychic-octo-bear-Info.plist */ = {isa = PBXFileReference; lastKnownFileType = text.plist.xml; path = "psychic-octo-bear-Info.plist"; sourceTree = "<group>"; };
		B0E4A9E219398125007B4CFB /* en */ = {isa = PBXFileReference; lastKnownFileType = text.plist.strings; name = en; path = en.lproj/InfoPlist.strings; sourceTree = "<group>"; };
		B0E4A9E419398125007B4CFB /* main.m */ = {isa = PBXFileReference; lastKnownFileType = sourcecode.c.objc; path = main.m; sourceTree = "<group>"; };
		B0E4A9E619398125007B4CFB /* psychic-octo-bear-Prefix.pch */ = {isa = PBXFileReference; lastKnownFileType = sourcecode.c.h; path = "psychic-octo-bear-Prefix.pch"; sourceTree = "<group>"; };
		B0E4A9E719398125007B4CFB /* VBAppDelegate.h */ = {isa = PBXFileReference; lastKnownFileType = sourcecode.c.h; path = VBAppDelegate.h; sourceTree = "<group>"; };
		B0E4A9E819398125007B4CFB /* VBAppDelegate.m */ = {isa = PBXFileReference; lastKnownFileType = sourcecode.c.objc; path = VBAppDelegate.m; sourceTree = "<group>"; };
		B0E4A9EB19398125007B4CFB /* Base */ = {isa = PBXFileReference; lastKnownFileType = file.storyboard; name = Base; path = Base.lproj/Main.storyboard; sourceTree = "<group>"; };
		B0E4A9F019398125007B4CFB /* Images.xcassets */ = {isa = PBXFileReference; lastKnownFileType = folder.assetcatalog; path = Images.xcassets; sourceTree = "<group>"; };
		B0E4A9F619398125007B4CFB /* psychic-octo-bearTests.xctest */ = {isa = PBXFileReference; explicitFileType = wrapper.cfbundle; includeInIndex = 0; path = "psychic-octo-bearTests.xctest"; sourceTree = BUILT_PRODUCTS_DIR; };
		B0E4A9F719398125007B4CFB /* XCTest.framework */ = {isa = PBXFileReference; lastKnownFileType = wrapper.framework; name = XCTest.framework; path = Library/Frameworks/XCTest.framework; sourceTree = DEVELOPER_DIR; };
		B0E4A9FF19398126007B4CFB /* psychic-octo-bearTests-Info.plist */ = {isa = PBXFileReference; lastKnownFileType = text.plist.xml; path = "psychic-octo-bearTests-Info.plist"; sourceTree = "<group>"; };
		B0E4AA0119398126007B4CFB /* en */ = {isa = PBXFileReference; lastKnownFileType = text.plist.strings; name = en; path = en.lproj/InfoPlist.strings; sourceTree = "<group>"; };
		B0E4AA0319398126007B4CFB /* psychic_octo_bearTests.m */ = {isa = PBXFileReference; lastKnownFileType = sourcecode.c.objc; path = psychic_octo_bearTests.m; sourceTree = "<group>"; };
		B0E4AA11193981C9007B4CFB /* VBTableViewController.h */ = {isa = PBXFileReference; fileEncoding = 4; lastKnownFileType = sourcecode.c.h; path = VBTableViewController.h; sourceTree = "<group>"; };
		B0E4AA12193981C9007B4CFB /* VBTableViewController.m */ = {isa = PBXFileReference; fileEncoding = 4; lastKnownFileType = sourcecode.c.objc; path = VBTableViewController.m; sourceTree = "<group>"; };
		B0E4AA1419398DC7007B4CFB /* sisters.plist */ = {isa = PBXFileReference; fileEncoding = 4; lastKnownFileType = text.plist.xml; path = sisters.plist; sourceTree = "<group>"; };
/* End PBXFileReference section */

/* Begin PBXFrameworksBuildPhase section */
		B0E4A9D219398125007B4CFB /* Frameworks */ = {
			isa = PBXFrameworksBuildPhase;
			buildActionMask = 2147483647;
			files = (
				B0E4A9DB19398125007B4CFB /* CoreGraphics.framework in Frameworks */,
				B0E4A9DD19398125007B4CFB /* UIKit.framework in Frameworks */,
				B0E4A9D919398125007B4CFB /* Foundation.framework in Frameworks */,
			);
			runOnlyForDeploymentPostprocessing = 0;
		};
		B0E4A9F319398125007B4CFB /* Frameworks */ = {
			isa = PBXFrameworksBuildPhase;
			buildActionMask = 2147483647;
			files = (
				B0E4A9F819398125007B4CFB /* XCTest.framework in Frameworks */,
				B0E4A9FA19398125007B4CFB /* UIKit.framework in Frameworks */,
				B0E4A9F919398125007B4CFB /* Foundation.framework in Frameworks */,
			);
			runOnlyForDeploymentPostprocessing = 0;
		};
/* End PBXFrameworksBuildPhase section */

/* Begin PBXGroup section */
		B0E4A9CC19398125007B4CFB = {
			isa = PBXGroup;
			children = (
				B0E4A9DE19398125007B4CFB /* psychic-octo-bear */,
				B0E4A9FD19398125007B4CFB /* psychic-octo-bearTests */,
				B0E4A9D719398125007B4CFB /* Frameworks */,
				B0E4A9D619398125007B4CFB /* Products */,
			);
			sourceTree = "<group>";
		};
		B0E4A9D619398125007B4CFB /* Products */ = {
			isa = PBXGroup;
			children = (
				B0E4A9D519398125007B4CFB /* psychic-octo-bear.app */,
				B0E4A9F619398125007B4CFB /* psychic-octo-bearTests.xctest */,
			);
			name = Products;
			sourceTree = "<group>";
		};
		B0E4A9D719398125007B4CFB /* Frameworks */ = {
			isa = PBXGroup;
			children = (
				B0E4A9D819398125007B4CFB /* Foundation.framework */,
				B0E4A9DA19398125007B4CFB /* CoreGraphics.framework */,
				B0E4A9DC19398125007B4CFB /* UIKit.framework */,
				B0E4A9F719398125007B4CFB /* XCTest.framework */,
			);
			name = Frameworks;
			sourceTree = "<group>";
		};
		B0E4A9DE19398125007B4CFB /* psychic-octo-bear */ = {
			isa = PBXGroup;
			children = (
				B0E4AA1419398DC7007B4CFB /* sisters.plist */,
				B0E4A9E719398125007B4CFB /* VBAppDelegate.h */,
				B0E4A9E819398125007B4CFB /* VBAppDelegate.m */,
				B0E4A9EA19398125007B4CFB /* Main.storyboard */,
				B0E4A9F019398125007B4CFB /* Images.xcassets */,
				B0E4A9DF19398125007B4CFB /* Supporting Files */,
				B0E4AA11193981C9007B4CFB /* VBTableViewController.h */,
				B0E4AA12193981C9007B4CFB /* VBTableViewController.m */,
			);
			path = "psychic-octo-bear";
			sourceTree = "<group>";
		};
		B0E4A9DF19398125007B4CFB /* Supporting Files */ = {
			isa = PBXGroup;
			children = (
				B0E4A9E019398125007B4CFB /* psychic-octo-bear-Info.plist */,
				B0E4A9E119398125007B4CFB /* InfoPlist.strings */,
				B0E4A9E419398125007B4CFB /* main.m */,
				B0E4A9E619398125007B4CFB /* psychic-octo-bear-Prefix.pch */,
			);
			name = "Supporting Files";
			sourceTree = "<group>";
		};
		B0E4A9FD19398125007B4CFB /* psychic-octo-bearTests */ = {
			isa = PBXGroup;
			children = (
				B0E4AA0319398126007B4CFB /* psychic_octo_bearTests.m */,
				B0E4A9FE19398126007B4CFB /* Supporting Files */,
			);
			path = "psychic-octo-bearTests";
			sourceTree = "<group>";
		};
		B0E4A9FE19398126007B4CFB /* Supporting Files */ = {
			isa = PBXGroup;
			children = (
				B0E4A9FF19398126007B4CFB /* psychic-octo-bearTests-Info.plist */,
				B0E4AA0019398126007B4CFB /* InfoPlist.strings */,
			);
			name = "Supporting Files";
			sourceTree = "<group>";
		};
/* End PBXGroup section */

/* Begin PBXNativeTarget section */
		B0E4A9D419398125007B4CFB /* psychic-octo-bear */ = {
			isa = PBXNativeTarget;
			buildConfigurationList = B0E4AA0719398126007B4CFB /* Build configuration list for PBXNativeTarget "psychic-octo-bear" */;
			buildPhases = (
				B0E4A9D119398125007B4CFB /* Sources */,
				B0E4A9D219398125007B4CFB /* Frameworks */,
				B0E4A9D319398125007B4CFB /* Resources */,
			);
			buildRules = (
			);
			dependencies = (
			);
			name = "psychic-octo-bear";
			productName = "psychic-octo-bear";
			productReference = B0E4A9D519398125007B4CFB /* psychic-octo-bear.app */;
			productType = "com.apple.product-type.application";
		};
		B0E4A9F519398125007B4CFB /* psychic-octo-bearTests */ = {
			isa = PBXNativeTarget;
			buildConfigurationList = B0E4AA0A19398126007B4CFB /* Build configuration list for PBXNativeTarget "psychic-octo-bearTests" */;
			buildPhases = (
				B0E4A9F219398125007B4CFB /* Sources */,
				B0E4A9F319398125007B4CFB /* Frameworks */,
				B0E4A9F419398125007B4CFB /* Resources */,
			);
			buildRules = (
			);
			dependencies = (
				B0E4A9FC19398125007B4CFB /* PBXTargetDependency */,
			);
			name = "psychic-octo-bearTests";
			productName = "psychic-octo-bearTests";
			productReference = B0E4A9F619398125007B4CFB /* psychic-octo-bearTests.xctest */;
			productType = "com.apple.product-type.bundle.unit-test";
		};
/* End PBXNativeTarget section */

/* Begin PBXProject section */
		B0E4A9CD19398125007B4CFB /* Project object */ = {
			isa = PBXProject;
			attributes = {
				CLASSPREFIX = VB;
				LastUpgradeCheck = 0510;
				ORGANIZATIONNAME = "Ariel Rodriguez";
				TargetAttributes = {
					B0E4A9F519398125007B4CFB = {
						TestTargetID = B0E4A9D419398125007B4CFB;
					};
				};
			};
			buildConfigurationList = B0E4A9D019398125007B4CFB /* Build configuration list for PBXProject "psychic-octo-bear" */;
			compatibilityVersion = "Xcode 3.2";
			developmentRegion = English;
			hasScannedForEncodings = 0;
			knownRegions = (
				en,
				Base,
			);
			mainGroup = B0E4A9CC19398125007B4CFB;
			productRefGroup = B0E4A9D619398125007B4CFB /* Products */;
			projectDirPath = "";
			projectRoot = "";
			targets = (
				B0E4A9D419398125007B4CFB /* psychic-octo-bear */,
				B0E4A9F519398125007B4CFB /* psychic-octo-bearTests */,
			);
		};
/* End PBXProject section */

/* Begin PBXResourcesBuildPhase section */
		B0E4A9D319398125007B4CFB /* Resources */ = {
			isa = PBXResourcesBuildPhase;
			buildActionMask = 2147483647;
			files = (
				B0E4AA1519398DC7007B4CFB /* sisters.plist in Resources */,
				B0E4A9F119398125007B4CFB /* Images.xcassets in Resources */,
				B0E4A9E319398125007B4CFB /* InfoPlist.strings in Resources */,
				B0E4A9EC19398125007B4CFB /* Main.storyboard in Resources */,
			);
			runOnlyForDeploymentPostprocessing = 0;
		};
		B0E4A9F419398125007B4CFB /* Resources */ = {
			isa = PBXResourcesBuildPhase;
			buildActionMask = 2147483647;
			files = (
				B0E4AA0219398126007B4CFB /* InfoPlist.strings in Resources */,
			);
			runOnlyForDeploymentPostprocessing = 0;
		};
/* End PBXResourcesBuildPhase section */

/* Begin PBXSourcesBuildPhase section */
		B0E4A9D119398125007B4CFB /* Sources */ = {
			isa = PBXSourcesBuildPhase;
			buildActionMask = 2147483647;
			files = (
				B0E4A9E919398125007B4CFB /* VBAppDelegate.m in Sources */,
				B0E4A9E519398125007B4CFB /* main.m in Sources */,
				B0E4AA13193981C9007B4CFB /* VBTableViewController.m in Sources */,
			);
			runOnlyForDeploymentPostprocessing = 0;
		};
		B0E4A9F219398125007B4CFB /* Sources */ = {
			isa = PBXSourcesBuildPhase;
			buildActionMask = 2147483647;
			files = (
				B0E4AA0419398126007B4CFB /* psychic_octo_bearTests.m in Sources */,
			);
			runOnlyForDeploymentPostprocessing = 0;
		};
/* End PBXSourcesBuildPhase section */

/* Begin PBXTargetDependency section */
		B0E4A9FC19398125007B4CFB /* PBXTargetDependency */ = {
			isa = PBXTargetDependency;
			target = B0E4A9D419398125007B4CFB /* psychic-octo-bear */;
			targetProxy = B0E4A9FB19398125007B4CFB /* PBXContainerItemProxy */;
		};
/* End PBXTargetDependency section */

/* Begin PBXVariantGroup section */
		B0E4A9E119398125007B4CFB /* InfoPlist.strings */ = {
			isa = PBXVariantGroup;
			children = (
				B0E4A9E219398125007B4CFB /* en */,
			);
			name = InfoPlist.strings;
			sourceTree = "<group>";
		};
		B0E4A9EA19398125007B4CFB /* Main.storyboard */ = {
			isa = PBXVariantGroup;
			children = (
				B0E4A9EB19398125007B4CFB /* Base */,
			);
			name = Main.storyboard;
			sourceTree = "<group>";
		};
		B0E4AA0019398126007B4CFB /* InfoPlist.strings */ = {
			isa = PBXVariantGroup;
			children = (
				B0E4AA0119398126007B4CFB /* en */,
			);
			name = InfoPlist.strings;
			sourceTree = "<group>";
		};
/* End PBXVariantGroup section */

/* Begin XCBuildConfiguration section */
		B0E4AA0519398126007B4CFB /* Debug */ = {
			isa = XCBuildConfiguration;
			buildSettings = {
				ALWAYS_SEARCH_USER_PATHS = NO;
				CLANG_CXX_LANGUAGE_STANDARD = "gnu++0x";
				CLANG_CXX_LIBRARY = "libc++";
				CLANG_ENABLE_MODULES = YES;
				CLANG_ENABLE_OBJC_ARC = YES;
				CLANG_WARN_BOOL_CONVERSION = YES;
				CLANG_WARN_CONSTANT_CONVERSION = YES;
				CLANG_WARN_DIRECT_OBJC_ISA_USAGE = YES_ERROR;
				CLANG_WARN_EMPTY_BODY = YES;
				CLANG_WARN_ENUM_CONVERSION = YES;
				CLANG_WARN_INT_CONVERSION = YES;
				CLANG_WARN_OBJC_ROOT_CLASS = YES_ERROR;
				CLANG_WARN__DUPLICATE_METHOD_MATCH = YES;
				"CODE_SIGN_IDENTITY[sdk=iphoneos*]" = "iPhone Developer";
				COPY_PHASE_STRIP = NO;
				GCC_C_LANGUAGE_STANDARD = gnu99;
				GCC_DYNAMIC_NO_PIC = NO;
				GCC_OPTIMIZATION_LEVEL = 0;
				GCC_PREPROCESSOR_DEFINITIONS = (
					"DEBUG=1",
					"$(inherited)",
				);
				GCC_SYMBOLS_PRIVATE_EXTERN = NO;
				GCC_WARN_64_TO_32_BIT_CONVERSION = YES;
				GCC_WARN_ABOUT_RETURN_TYPE = YES_ERROR;
				GCC_WARN_UNDECLARED_SELECTOR = YES;
				GCC_WARN_UNINITIALIZED_AUTOS = YES_AGGRESSIVE;
				GCC_WARN_UNUSED_FUNCTION = YES;
				GCC_WARN_UNUSED_VARIABLE = YES;
				IPHONEOS_DEPLOYMENT_TARGET = 7.1;
				ONLY_ACTIVE_ARCH = YES;
				SDKROOT = iphoneos;
			};
			name = Debug;
		};
		B0E4AA0619398126007B4CFB /* Release */ = {
			isa = XCBuildConfiguration;
			buildSettings = {
				ALWAYS_SEARCH_USER_PATHS = NO;
				CLANG_CXX_LANGUAGE_STANDARD = "gnu++0x";
				CLANG_CXX_LIBRARY = "libc++";
				CLANG_ENABLE_MODULES = YES;
				CLANG_ENABLE_OBJC_ARC = YES;
				CLANG_WARN_BOOL_CONVERSION = YES;
				CLANG_WARN_CONSTANT_CONVERSION = YES;
				CLANG_WARN_DIRECT_OBJC_ISA_USAGE = YES_ERROR;
				CLANG_WARN_EMPTY_BODY = YES;
				CLANG_WARN_ENUM_CONVERSION = YES;
				CLANG_WARN_INT_CONVERSION = YES;
				CLANG_WARN_OBJC_ROOT_CLASS = YES_ERROR;
				CLANG_WARN__DUPLICATE_METHOD_MATCH = YES;
				"CODE_SIGN_IDENTITY[sdk=iphoneos*]" = "iPhone Developer";
				COPY_PHASE_STRIP = YES;
				ENABLE_NS_ASSERTIONS = NO;
				GCC_C_LANGUAGE_STANDARD = gnu99;
				GCC_WARN_64_TO_32_BIT_CONVERSION = YES;
				GCC_WARN_ABOUT_RETURN_TYPE = YES_ERROR;
				GCC_WARN_UNDECLARED_SELECTOR = YES;
				GCC_WARN_UNINITIALIZED_AUTOS = YES_AGGRESSIVE;
				GCC_WARN_UNUSED_FUNCTION = YES;
				GCC_WARN_UNUSED_VARIABLE = YES;
				IPHONEOS_DEPLOYMENT_TARGET = 7.1;
				SDKROOT = iphoneos;
				VALIDATE_PRODUCT = YES;
			};
			name = Release;
		};
		B0E4AA0819398126007B4CFB /* Debug */ = {
			isa = XCBuildConfiguration;
			buildSettings = {
				ASSETCATALOG_COMPILER_APPICON_NAME = AppIcon;
				ASSETCATALOG_COMPILER_LAUNCHIMAGE_NAME = LaunchImage;
				GCC_PRECOMPILE_PREFIX_HEADER = YES;
				GCC_PREFIX_HEADER = "psychic-octo-bear/psychic-octo-bear-Prefix.pch";
				INFOPLIST_FILE = "psychic-octo-bear/psychic-octo-bear-Info.plist";
				PRODUCT_NAME = "$(TARGET_NAME)";
				WRAPPER_EXTENSION = app;
			};
			name = Debug;
		};
		B0E4AA0919398126007B4CFB /* Release */ = {
			isa = XCBuildConfiguration;
			buildSettings = {
				ASSETCATALOG_COMPILER_APPICON_NAME = AppIcon;
				ASSETCATALOG_COMPILER_LAUNCHIMAGE_NAME = LaunchImage;
				GCC_PRECOMPILE_PREFIX_HEADER = YES;
				GCC_PREFIX_HEADER = "psychic-octo-bear/psychic-octo-bear-Prefix.pch";
				INFOPLIST_FILE = "psychic-octo-bear/psychic-octo-bear-Info.plist";
				PRODUCT_NAME = "$(TARGET_NAME)";
				WRAPPER_EXTENSION = app;
			};
			name = Release;
		};
		B0E4AA0B19398126007B4CFB /* Debug */ = {
			isa = XCBuildConfiguration;
			buildSettings = {
				BUNDLE_LOADER = "$(BUILT_PRODUCTS_DIR)/psychic-octo-bear.app/psychic-octo-bear";
				FRAMEWORK_SEARCH_PATHS = (
					"$(SDKROOT)/Developer/Library/Frameworks",
					"$(inherited)",
					"$(DEVELOPER_FRAMEWORKS_DIR)",
				);
				GCC_PRECOMPILE_PREFIX_HEADER = YES;
				GCC_PREFIX_HEADER = "psychic-octo-bear/psychic-octo-bear-Prefix.pch";
				GCC_PREPROCESSOR_DEFINITIONS = (
					"DEBUG=1",
					"$(inherited)",
				);
				INFOPLIST_FILE = "psychic-octo-bearTests/psychic-octo-bearTests-Info.plist";
				PRODUCT_NAME = "$(TARGET_NAME)";
				TEST_HOST = "$(BUNDLE_LOADER)";
				WRAPPER_EXTENSION = xctest;
			};
			name = Debug;
		};
		B0E4AA0C19398126007B4CFB /* Release */ = {
			isa = XCBuildConfiguration;
			buildSettings = {
				BUNDLE_LOADER = "$(BUILT_PRODUCTS_DIR)/psychic-octo-bear.app/psychic-octo-bear";
				FRAMEWORK_SEARCH_PATHS = (
					"$(SDKROOT)/Developer/Library/Frameworks",
					"$(inherited)",
					"$(DEVELOPER_FRAMEWORKS_DIR)",
				);
				GCC_PRECOMPILE_PREFIX_HEADER = YES;
				GCC_PREFIX_HEADER = "psychic-octo-bear/psychic-octo-bear-Prefix.pch";
				INFOPLIST_FILE = "psychic-octo-bearTests/psychic-octo-bearTests-Info.plist";
				PRODUCT_NAME = "$(TARGET_NAME)";
				TEST_HOST = "$(BUNDLE_LOADER)";
				WRAPPER_EXTENSION = xctest;
			};
			name = Release;
		};
/* End XCBuildConfiguration section */

/* Begin XCConfigurationList section */
		B0E4A9D019398125007B4CFB /* Build configuration list for PBXProject "psychic-octo-bear" */ = {
			isa = XCConfigurationList;
			buildConfigurations = (
				B0E4AA0519398126007B4CFB /* Debug */,
				B0E4AA0619398126007B4CFB /* Release */,
			);
			defaultConfigurationIsVisible = 0;
			defaultConfigurationName = Release;
		};
		B0E4AA0719398126007B4CFB /* Build configuration list for PBXNativeTarget "psychic-octo-bear" */ = {
			isa = XCConfigurationList;
			buildConfigurations = (
				B0E4AA0819398126007B4CFB /* Debug */,
				B0E4AA0919398126007B4CFB /* Release */,
			);
			defaultConfigurationIsVisible = 0;
		};
		B0E4AA0A19398126007B4CFB /* Build configuration list for PBXNativeTarget "psychic-octo-bearTests" */ = {
			isa = XCConfigurationList;
			buildConfigurations = (
				B0E4AA0B19398126007B4CFB /* Debug */,
				B0E4AA0C19398126007B4CFB /* Release */,
			);
			defaultConfigurationIsVisible = 0;
		};
/* End XCConfigurationList section */
	};
	rootObject = B0E4A9CD19398125007B4CFB /* Project object */;
}
